<Solution>
  <Folder Name="/Solution Items/">
	<File Path="../aspire-shared/Endpoints.http" />
    <File Path="../aspire-shared/resources/statestore.yaml" />
  </Folder>
  <Project Path="DaprWorkshop.AppHost/DaprWorkshop.AppHost.csproj" Id="bbd7373e-b02b-48cf-956f-032b355b295f" />
  <Project Path="DaprWorkshop.ServiceDefaults/DaprWorkshop.ServiceDefaults.csproj" />
  <Project Path="PizzaOrder/PizzaOrder.csproj" />
</Solution>
